// !$*UTF8*$!
{
	archiveVersion = 1;
	classes = {
	};
	objectVersion = 55;
	objects = {

/* Begin PBXBuildFile section */
		4B95852813D7010378A0551D /* Pods_SpotifyLogin.framework in Frameworks */ = {isa = PBXBuildFile; fileRef = 60A18F18E4925986E331BB00 /* Pods_SpotifyLogin.framework */; };
		A7795DBF27D8D3FE005D29AA /* AppDelegate.swift in Sources */ = {isa = PBXBuildFile; fileRef = A7795DBE27D8D3FE005D29AA /* AppDelegate.swift */; };
		A7795DC127D8D3FE005D29AA /* SceneDelegate.swift in Sources */ = {isa = PBXBuildFile; fileRef = A7795DC027D8D3FE005D29AA /* SceneDelegate.swift */; };
		A7795DC627D8D3FE005D29AA /* Main.storyboard in Resources */ = {isa = PBXBuildFile; fileRef = A7795DC427D8D3FE005D29AA /* Main.storyboard */; };
		A7795DC827D8D3FF005D29AA /* Assets.xcassets in Resources */ = {isa = PBXBuildFile; fileRef = A7795DC727D8D3FF005D29AA /* Assets.xcassets */; };
		A7795DCB27D8D3FF005D29AA /* LaunchScreen.storyboard in Resources */ = {isa = PBXBuildFile; fileRef = A7795DC927D8D3FF005D29AA /* LaunchScreen.storyboard */; };
		A7795DD327D8D42C005D29AA /* LoginViewController.swift in Sources */ = {isa = PBXBuildFile; fileRef = A7795DD227D8D42C005D29AA /* LoginViewController.swift */; };
		A7795DD527D8DA01005D29AA /* EnterEmailViewController.swift in Sources */ = {isa = PBXBuildFile; fileRef = A7795DD427D8DA01005D29AA /* EnterEmailViewController.swift */; };
		A7795DD727D8DD40005D29AA /* MainViewController.swift in Sources */ = {isa = PBXBuildFile; fileRef = A7795DD627D8DD40005D29AA /* MainViewController.swift */; };
		A7795DD927D8DF4F005D29AA /* GoogleService-Info.plist in Resources */ = {isa = PBXBuildFile; fileRef = A7795DD827D8DF4F005D29AA /* GoogleService-Info.plist */; };
/* End PBXBuildFile section */

/* Begin PBXFileReference section */
		60A18F18E4925986E331BB00 /* Pods_SpotifyLogin.framework */ = {isa = PBXFileReference; explicitFileType = wrapper.framework; includeInIndex = 0; path = Pods_SpotifyLogin.framework; sourceTree = BUILT_PRODUCTS_DIR; };
		7B7A0F7B678BB1CDB2C91D58 /* Pods-SpotifyLogin.debug.xcconfig */ = {isa = PBXFileReference; includeInIndex = 1; lastKnownFileType = text.xcconfig; name = "Pods-SpotifyLogin.debug.xcconfig"; path = "Target Support Files/Pods-SpotifyLogin/Pods-SpotifyLogin.debug.xcconfig"; sourceTree = "<group>"; };
		A7795DBB27D8D3FE005D29AA /* SpotifyLogin.app */ = {isa = PBXFileReference; explicitFileType = wrapper.application; includeInIndex = 0; path = SpotifyLogin.app; sourceTree = BUILT_PRODUCTS_DIR; };
		A7795DBE27D8D3FE005D29AA /* AppDelegate.swift */ = {isa = PBXFileReference; lastKnownFileType = sourcecode.swift; path = AppDelegate.swift; sourceTree = "<group>"; };
		A7795DC027D8D3FE005D29AA /* SceneDelegate.swift */ = {isa = PBXFileReference; lastKnownFileType = sourcecode.swift; path = SceneDelegate.swift; sourceTree = "<group>"; };
		A7795DC527D8D3FE005D29AA /* Base */ = {isa = PBXFileReference; lastKnownFileType = file.storyboard; name = Base; path = Base.lproj/Main.storyboard; sourceTree = "<group>"; };
		A7795DC727D8D3FF005D29AA /* Assets.xcassets */ = {isa = PBXFileReference; lastKnownFileType = folder.assetcatalog; path = Assets.xcassets; sourceTree = "<group>"; };
		A7795DCA27D8D3FF005D29AA /* Base */ = {isa = PBXFileReference; lastKnownFileType = file.storyboard; name = Base; path = Base.lproj/LaunchScreen.storyboard; sourceTree = "<group>"; };
		A7795DCC27D8D3FF005D29AA /* Info.plist */ = {isa = PBXFileReference; lastKnownFileType = text.plist.xml; path = Info.plist; sourceTree = "<group>"; };
		A7795DD227D8D42C005D29AA /* LoginViewController.swift */ = {isa = PBXFileReference; lastKnownFileType = sourcecode.swift; path = LoginViewController.swift; sourceTree = "<group>"; };
		A7795DD427D8DA01005D29AA /* EnterEmailViewController.swift */ = {isa = PBXFileReference; lastKnownFileType = sourcecode.swift; path = EnterEmailViewController.swift; sourceTree = "<group>"; };
		A7795DD627D8DD40005D29AA /* MainViewController.swift */ = {isa = PBXFileReference; lastKnownFileType = sourcecode.swift; path = MainViewController.swift; sourceTree = "<group>"; };
		A7795DD827D8DF4F005D29AA /* GoogleService-Info.plist */ = {isa = PBXFileReference; fileEncoding = 4; lastKnownFileType = text.plist.xml; name = "GoogleService-Info.plist"; path = "../../../../Downloads/GoogleService-Info.plist"; sourceTree = "<group>"; };
		BDB80955D900B8F26CFFABA0 /* Pods-SpotifyLogin.release.xcconfig */ = {isa = PBXFileReference; includeInIndex = 1; lastKnownFileType = text.xcconfig; name = "Pods-SpotifyLogin.release.xcconfig"; path = "Target Support Files/Pods-SpotifyLogin/Pods-SpotifyLogin.release.xcconfig"; sourceTree = "<group>"; };
/* End PBXFileReference section */

/* Begin PBXFrameworksBuildPhase section */
		A7795DB827D8D3FE005D29AA /* Frameworks */ = {
			isa = PBXFrameworksBuildPhase;
			buildActionMask = 2147483647;
			files = (
				4B95852813D7010378A0551D /* Pods_SpotifyLogin.framework in Frameworks */,
			);
			runOnlyForDeploymentPostprocessing = 0;
		};
/* End PBXFrameworksBuildPhase section */

/* Begin PBXGroup section */
		578877CBDC0DF18629BC9DE8 /* Frameworks */ = {
			isa = PBXGroup;
			children = (
				60A18F18E4925986E331BB00 /* Pods_SpotifyLogin.framework */,
			);
			name = Frameworks;
			sourceTree = "<group>";
		};
		8D4988C3A1EB7BB773C2DA49 /* Pods */ = {
			isa = PBXGroup;
			children = (
				7B7A0F7B678BB1CDB2C91D58 /* Pods-SpotifyLogin.debug.xcconfig */,
				BDB80955D900B8F26CFFABA0 /* Pods-SpotifyLogin.release.xcconfig */,
			);
			name = Pods;
			path = Pods;
			sourceTree = "<group>";
		};
		A7795DB227D8D3FD005D29AA = {
			isa = PBXGroup;
			children = (
				A7795DBD27D8D3FE005D29AA /* SpotifyLogin */,
				A7795DBC27D8D3FE005D29AA /* Products */,
				8D4988C3A1EB7BB773C2DA49 /* Pods */,
				578877CBDC0DF18629BC9DE8 /* Frameworks */,
			);
			sourceTree = "<group>";
		};
		A7795DBC27D8D3FE005D29AA /* Products */ = {
			isa = PBXGroup;
			children = (
				A7795DBB27D8D3FE005D29AA /* SpotifyLogin.app */,
			);
			name = Products;
			sourceTree = "<group>";
		};
		A7795DBD27D8D3FE005D29AA /* SpotifyLogin */ = {
			isa = PBXGroup;
			children = (
				A7795DBE27D8D3FE005D29AA /* AppDelegate.swift */,
				A7795DC027D8D3FE005D29AA /* SceneDelegate.swift */,
				A7795DC427D8D3FE005D29AA /* Main.storyboard */,
				A7795DD427D8DA01005D29AA /* EnterEmailViewController.swift */,
				A7795DD227D8D42C005D29AA /* LoginViewController.swift */,
				A7795DD627D8DD40005D29AA /* MainViewController.swift */,
				A7795DC727D8D3FF005D29AA /* Assets.xcassets */,
				A7795DC927D8D3FF005D29AA /* LaunchScreen.storyboard */,
				A7795DCC27D8D3FF005D29AA /* Info.plist */,
				A7795DD827D8DF4F005D29AA /* GoogleService-Info.plist */,
			);
			path = SpotifyLogin;
			sourceTree = "<group>";
		};
/* End PBXGroup section */

/* Begin PBXNativeTarget section */
		A7795DBA27D8D3FE005D29AA /* SpotifyLogin */ = {
			isa = PBXNativeTarget;
			buildConfigurationList = A7795DCF27D8D3FF005D29AA /* Build configuration list for PBXNativeTarget "SpotifyLogin" */;
			buildPhases = (
				D5D47C0A1B267CC94BFBE959 /* [CP] Check Pods Manifest.lock */,
				A7795DB727D8D3FE005D29AA /* Sources */,
				A7795DB827D8D3FE005D29AA /* Frameworks */,
				A7795DB927D8D3FE005D29AA /* Resources */,
				EF9DE5BAAC5221D6A6F0402F /* [CP] Embed Pods Frameworks */,
			);
			buildRules = (
			);
			dependencies = (
			);
			name = SpotifyLogin;
			productName = SpotifyLogin;
			productReference = A7795DBB27D8D3FE005D29AA /* SpotifyLogin.app */;
			productType = "com.apple.product-type.application";
		};
/* End PBXNativeTarget section */

/* Begin PBXProject section */
		A7795DB327D8D3FD005D29AA /* Project object */ = {
			isa = PBXProject;
			attributes = {
				BuildIndependentTargetsInParallel = 1;
				LastSwiftUpdateCheck = 1320;
				LastUpgradeCheck = 1320;
				TargetAttributes = {
					A7795DBA27D8D3FE005D29AA = {
						CreatedOnToolsVersion = 13.2;
					};
				};
			};
			buildConfigurationList = A7795DB627D8D3FD005D29AA /* Build configuration list for PBXProject "SpotifyLogin" */;
			compatibilityVersion = "Xcode 13.0";
			developmentRegion = en;
			hasScannedForEncodings = 0;
			knownRegions = (
				en,
				Base,
			);
			mainGroup = A7795DB227D8D3FD005D29AA;
			productRefGroup = A7795DBC27D8D3FE005D29AA /* Products */;
			projectDirPath = "";
			projectRoot = "";
			targets = (
				A7795DBA27D8D3FE005D29AA /* SpotifyLogin */,
			);
		};
/* End PBXProject section */

/* Begin PBXResourcesBuildPhase section */
		A7795DB927D8D3FE005D29AA /* Resources */ = {
			isa = PBXResourcesBuildPhase;
			buildActionMask = 2147483647;
			files = (
				A7795DCB27D8D3FF005D29AA /* LaunchScreen.storyboard in Resources */,
				A7795DD927D8DF4F005D29AA /* GoogleService-Info.plist in Resources */,
				A7795DC827D8D3FF005D29AA /* Assets.xcassets in Resources */,
				A7795DC627D8D3FE005D29AA /* Main.storyboard in Resources */,
			);
			runOnlyForDeploymentPostprocessing = 0;
		};
/* End PBXResourcesBuildPhase section */

/* Begin PBXShellScriptBuildPhase section */
		D5D47C0A1B267CC94BFBE959 /* [CP] Check Pods Manifest.lock */ = {
			isa = PBXShellScriptBuildPhase;
			buildActionMask = 2147483647;
			files = (
			);
			inputFileListPaths = (
			);
			inputPaths = (
				"${PODS_PODFILE_DIR_PATH}/Podfile.lock",
				"${PODS_ROOT}/Manifest.lock",
			);
			name = "[CP] Check Pods Manifest.lock";
			outputFileListPaths = (
			);
			outputPaths = (
				"$(DERIVED_FILE_DIR)/Pods-SpotifyLogin-checkManifestLockResult.txt",
			);
			runOnlyForDeploymentPostprocessing = 0;
			shellPath = /bin/sh;
			shellScript = "diff \"${PODS_PODFILE_DIR_PATH}/Podfile.lock\" \"${PODS_ROOT}/Manifest.lock\" > /dev/null\nif [ $? != 0 ] ; then\n    # print error to STDERR\n    echo \"error: The sandbox is not in sync with the Podfile.lock. Run 'pod install' or update your CocoaPods installation.\" >&2\n    exit 1\nfi\n# This output is used by Xcode 'outputs' to avoid re-running this script phase.\necho \"SUCCESS\" > \"${SCRIPT_OUTPUT_FILE_0}\"\n";
			showEnvVarsInLog = 0;
		};
		EF9DE5BAAC5221D6A6F0402F /* [CP] Embed Pods Frameworks */ = {
			isa = PBXShellScriptBuildPhase;
			buildActionMask = 2147483647;
			files = (
			);
			inputFileListPaths = (
				"${PODS_ROOT}/Target Support Files/Pods-SpotifyLogin/Pods-SpotifyLogin-frameworks-${CONFIGURATION}-input-files.xcfilelist",
			);
			name = "[CP] Embed Pods Frameworks";
			outputFileListPaths = (
				"${PODS_ROOT}/Target Support Files/Pods-SpotifyLogin/Pods-SpotifyLogin-frameworks-${CONFIGURATION}-output-files.xcfilelist",
			);
			runOnlyForDeploymentPostprocessing = 0;
			shellPath = /bin/sh;
			shellScript = "\"${PODS_ROOT}/Target Support Files/Pods-SpotifyLogin/Pods-SpotifyLogin-frameworks.sh\"\n";
			showEnvVarsInLog = 0;
		};
/* End PBXShellScriptBuildPhase section */

/* Begin PBXSourcesBuildPhase section */
		A7795DB727D8D3FE005D29AA /* Sources */ = {
			isa = PBXSourcesBuildPhase;
			buildActionMask = 2147483647;
			files = (
				A7795DD327D8D42C005D29AA /* LoginViewController.swift in Sources */,
				A7795DBF27D8D3FE005D29AA /* AppDelegate.swift in Sources */,
				A7795DD527D8DA01005D29AA /* EnterEmailViewController.swift in Sources */,
				A7795DC127D8D3FE005D29AA /* SceneDelegate.swift in Sources */,
				A7795DD727D8DD40005D29AA /* MainViewController.swift in Sources */,
			);
			runOnlyForDeploymentPostprocessing = 0;
		};
/* End PBXSourcesBuildPhase section */

/* Begin PBXVariantGroup section */
		A7795DC427D8D3FE005D29AA /* Main.storyboard */ = {
			isa = PBXVariantGroup;
			children = (
				A7795DC527D8D3FE005D29AA /* Base */,
			);
			name = Main.storyboard;
			sourceTree = "<group>";
		};
		A7795DC927D8D3FF005D29AA /* LaunchScreen.storyboard */ = {
			isa = PBXVariantGroup;
			children = (
				A7795DCA27D8D3FF005D29AA /* Base */,
			);
			name = LaunchScreen.storyboard;
			sourceTree = "<group>";
		};
/* End PBXVariantGroup section */

/* Begin XCBuildConfiguration section */
		A7795DCD27D8D3FF005D29AA /* Debug */ = {
			isa = XCBuildConfiguration;
			buildSettings = {
				ALWAYS_SEARCH_USER_PATHS = NO;
				CLANG_ANALYZER_NONNULL = YES;
				CLANG_ANALYZER_NUMBER_OBJECT_CONVERSION = YES_AGGRESSIVE;
				CLANG_CXX_LANGUAGE_STANDARD = "gnu++17";
				CLANG_CXX_LIBRARY = "libc++";
				CLANG_ENABLE_MODULES = YES;
				CLANG_ENABLE_OBJC_ARC = YES;
				CLANG_ENABLE_OBJC_WEAK = YES;
				CLANG_WARN_BLOCK_CAPTURE_AUTORELEASING = YES;
				CLANG_WARN_BOOL_CONVERSION = YES;
				CLANG_WARN_COMMA = YES;
				CLANG_WARN_CONSTANT_CONVERSION = YES;
				CLANG_WARN_DEPRECATED_OBJC_IMPLEMENTATIONS = YES;
				CLANG_WARN_DIRECT_OBJC_ISA_USAGE = YES_ERROR;
				CLANG_WARN_DOCUMENTATION_COMMENTS = YES;
				CLANG_WARN_EMPTY_BODY = YES;
				CLANG_WARN_ENUM_CONVERSION = YES;
				CLANG_WARN_INFINITE_RECURSION = YES;
				CLANG_WARN_INT_CONVERSION = YES;
				CLANG_WARN_NON_LITERAL_NULL_CONVERSION = YES;
				CLANG_WARN_OBJC_IMPLICIT_RETAIN_SELF = YES;
				CLANG_WARN_OBJC_LITERAL_CONVERSION = YES;
				CLANG_WARN_OBJC_ROOT_CLASS = YES_ERROR;
				CLANG_WARN_QUOTED_INCLUDE_IN_FRAMEWORK_HEADER = YES;
				CLANG_WARN_RANGE_LOOP_ANALYSIS = YES;
				CLANG_WARN_STRICT_PROTOTYPES = YES;
				CLANG_WARN_SUSPICIOUS_MOVE = YES;
				CLANG_WARN_UNGUARDED_AVAILABILITY = YES_AGGRESSIVE;
				CLANG_WARN_UNREACHABLE_CODE = YES;
				CLANG_WARN__DUPLICATE_METHOD_MATCH = YES;
				COPY_PHASE_STRIP = NO;
				DEBUG_INFORMATION_FORMAT = dwarf;
				ENABLE_STRICT_OBJC_MSGSEND = YES;
				ENABLE_TESTABILITY = YES;
				GCC_C_LANGUAGE_STANDARD = gnu11;
				GCC_DYNAMIC_NO_PIC = NO;
				GCC_NO_COMMON_BLOCKS = YES;
				GCC_OPTIMIZATION_LEVEL = 0;
				GCC_PREPROCESSOR_DEFINITIONS = (
					"DEBUG=1",
					"$(inherited)",
				);
				GCC_WARN_64_TO_32_BIT_CONVERSION = YES;
				GCC_WARN_ABOUT_RETURN_TYPE = YES_ERROR;
				GCC_WARN_UNDECLARED_SELECTOR = YES;
				GCC_WARN_UNINITIALIZED_AUTOS = YES_AGGRESSIVE;
				GCC_WARN_UNUSED_FUNCTION = YES;
				GCC_WARN_UNUSED_VARIABLE = YES;
				IPHONEOS_DEPLOYMENT_TARGET = 15.2;
				MTL_ENABLE_DEBUG_INFO = INCLUDE_SOURCE;
				MTL_FAST_MATH = YES;
				ONLY_ACTIVE_ARCH = YES;
				SDKROOT = iphoneos;
				SWIFT_ACTIVE_COMPILATION_CONDITIONS = DEBUG;
				SWIFT_OPTIMIZATION_LEVEL = "-Onone";
			};
			name = Debug;
		};
		A7795DCE27D8D3FF005D29AA /* Release */ = {
			isa = XCBuildConfiguration;
			buildSettings = {
				ALWAYS_SEARCH_USER_PATHS = NO;
				CLANG_ANALYZER_NONNULL = YES;
				CLANG_ANALYZER_NUMBER_OBJECT_CONVERSION = YES_AGGRESSIVE;
				CLANG_CXX_LANGUAGE_STANDARD = "gnu++17";
				CLANG_CXX_LIBRARY = "libc++";
				CLANG_ENABLE_MODULES = YES;
				CLANG_ENABLE_OBJC_ARC = YES;
				CLANG_ENABLE_OBJC_WEAK = YES;
				CLANG_WARN_BLOCK_CAPTURE_AUTORELEASING = YES;
				CLANG_WARN_BOOL_CONVERSION = YES;
				CLANG_WARN_COMMA = YES;
				CLANG_WARN_CONSTANT_CONVERSION = YES;
				CLANG_WARN_DEPRECATED_OBJC_IMPLEMENTATIONS = YES;
				CLANG_WARN_DIRECT_OBJC_ISA_USAGE = YES_ERROR;
				CLANG_WARN_DOCUMENTATION_COMMENTS = YES;
				CLANG_WARN_EMPTY_BODY = YES;
				CLANG_WARN_ENUM_CONVERSION = YES;
				CLANG_WARN_INFINITE_RECURSION = YES;
				CLANG_WARN_INT_CONVERSION = YES;
				CLANG_WARN_NON_LITERAL_NULL_CONVERSION = YES;
				CLANG_WARN_OBJC_IMPLICIT_RETAIN_SELF = YES;
				CLANG_WARN_OBJC_LITERAL_CONVERSION = YES;
				CLANG_WARN_OBJC_ROOT_CLASS = YES_ERROR;
				CLANG_WARN_QUOTED_INCLUDE_IN_FRAMEWORK_HEADER = YES;
				CLANG_WARN_RANGE_LOOP_ANALYSIS = YES;
				CLANG_WARN_STRICT_PROTOTYPES = YES;
				CLANG_WARN_SUSPICIOUS_MOVE = YES;
				CLANG_WARN_UNGUARDED_AVAILABILITY = YES_AGGRESSIVE;
				CLANG_WARN_UNREACHABLE_CODE = YES;
				CLANG_WARN__DUPLICATE_METHOD_MATCH = YES;
				COPY_PHASE_STRIP = NO;
				DEBUG_INFORMATION_FORMAT = "dwarf-with-dsym";
				ENABLE_NS_ASSERTIONS = NO;
				ENABLE_STRICT_OBJC_MSGSEND = YES;
				GCC_C_LANGUAGE_STANDARD = gnu11;
				GCC_NO_COMMON_BLOCKS = YES;
				GCC_WARN_64_TO_32_BIT_CONVERSION = YES;
				GCC_WARN_ABOUT_RETURN_TYPE = YES_ERROR;
				GCC_WARN_UNDECLARED_SELECTOR = YES;
				GCC_WARN_UNINITIALIZED_AUTOS = YES_AGGRESSIVE;
				GCC_WARN_UNUSED_FUNCTION = YES;
				GCC_WARN_UNUSED_VARIABLE = YES;
				IPHONEOS_DEPLOYMENT_TARGET = 15.2;
				MTL_ENABLE_DEBUG_INFO = NO;
				MTL_FAST_MATH = YES;
				SDKROOT = iphoneos;
				SWIFT_COMPILATION_MODE = wholemodule;
				SWIFT_OPTIMIZATION_LEVEL = "-O";
				VALIDATE_PRODUCT = YES;
			};
			name = Release;
		};
		A7795DD027D8D3FF005D29AA /* Debug */ = {
			isa = XCBuildConfiguration;
			baseConfigurationReference = 7B7A0F7B678BB1CDB2C91D58 /* Pods-SpotifyLogin.debug.xcconfig */;
			buildSettings = {
				ASSETCATALOG_COMPILER_APPICON_NAME = AppIcon;
				ASSETCATALOG_COMPILER_GLOBAL_ACCENT_COLOR_NAME = AccentColor;
				CODE_SIGN_STYLE = Automatic;
				CURRENT_PROJECT_VERSION = 1;
				DEVELOPMENT_TEAM = KP3Q74P96R;
				GENERATE_INFOPLIST_FILE = YES;
				INFOPLIST_FILE = SpotifyLogin/Info.plist;
				INFOPLIST_KEY_UIApplicationSupportsIndirectInputEvents = YES;
				INFOPLIST_KEY_UILaunchStoryboardName = LaunchScreen;
				INFOPLIST_KEY_UIMainStoryboardFile = Main;
				INFOPLIST_KEY_UISupportedInterfaceOrientations_iPad = "UIInterfaceOrientationPortrait UIInterfaceOrientationPortraitUpsideDown UIInterfaceOrientationLandscapeLeft UIInterfaceOrientationLandscapeRight";
				INFOPLIST_KEY_UISupportedInterfaceOrientations_iPhone = "UIInterfaceOrientationPortrait UIInterfaceOrientationLandscapeLeft UIInterfaceOrientationLandscapeRight";
				LD_RUNPATH_SEARCH_PATHS = (
					"$(inherited)",
					"@executable_path/Frameworks",
				);
				MARKETING_VERSION = 1.0;
				PRODUCT_BUNDLE_IDENTIFIER = com.junghun.SpotifyLogin;
				PRODUCT_NAME = "$(TARGET_NAME)";
				SWIFT_EMIT_LOC_STRINGS = YES;
				SWIFT_VERSION = 5.0;
				TARGETED_DEVICE_FAMILY = "1,2";
			};
			name = Debug;
		};
		A7795DD127D8D3FF005D29AA /* Release */ = {
			isa = XCBuildConfiguration;
			baseConfigurationReference = BDB80955D900B8F26CFFABA0 /* Pods-SpotifyLogin.release.xcconfig */;
			buildSettings = {
				ASSETCATALOG_COMPILER_APPICON_NAME = AppIcon;
				ASSETCATALOG_COMPILER_GLOBAL_ACCENT_COLOR_NAME = AccentColor;
				CODE_SIGN_STYLE = Automatic;
				CURRENT_PROJECT_VERSION = 1;
				DEVELOPMENT_TEAM = KP3Q74P96R;
				GENERATE_INFOPLIST_FILE = YES;
				INFOPLIST_FILE = SpotifyLogin/Info.plist;
				INFOPLIST_KEY_UIApplicationSupportsIndirectInputEvents = YES;
				INFOPLIST_KEY_UILaunchStoryboardName = LaunchScreen;
				INFOPLIST_KEY_UIMainStoryboardFile = Main;
				INFOPLIST_KEY_UISupportedInterfaceOrientations_iPad = "UIInterfaceOrientationPortrait UIInterfaceOrientationPortraitUpsideDown UIInterfaceOrientationLandscapeLeft UIInterfaceOrientationLandscapeRight";
				INFOPLIST_KEY_UISupportedInterfaceOrientations_iPhone = "UIInterfaceOrientationPortrait UIInterfaceOrientationLandscapeLeft UIInterfaceOrientationLandscapeRight";
				LD_RUNPATH_SEARCH_PATHS = (
					"$(inherited)",
					"@executable_path/Frameworks",
				);
				MARKETING_VERSION = 1.0;
				PRODUCT_BUNDLE_IDENTIFIER = com.junghun.SpotifyLogin;
				PRODUCT_NAME = "$(TARGET_NAME)";
				SWIFT_EMIT_LOC_STRINGS = YES;
				SWIFT_VERSION = 5.0;
				TARGETED_DEVICE_FAMILY = "1,2";
			};
			name = Release;
		};
/* End XCBuildConfiguration section */

/* Begin XCConfigurationList section */
		A7795DB627D8D3FD005D29AA /* Build configuration list for PBXProject "SpotifyLogin" */ = {
			isa = XCConfigurationList;
			buildConfigurations = (
				A7795DCD27D8D3FF005D29AA /* Debug */,
				A7795DCE27D8D3FF005D29AA /* Release */,
			);
			defaultConfigurationIsVisible = 0;
			defaultConfigurationName = Release;
		};
		A7795DCF27D8D3FF005D29AA /* Build configuration list for PBXNativeTarget "SpotifyLogin" */ = {
			isa = XCConfigurationList;
			buildConfigurations = (
				A7795DD027D8D3FF005D29AA /* Debug */,
				A7795DD127D8D3FF005D29AA /* Release */,
			);
			defaultConfigurationIsVisible = 0;
			defaultConfigurationName = Release;
		};
/* End XCConfigurationList section */
	};
	rootObject = A7795DB327D8D3FD005D29AA /* Project object */;
}
